<?xml version="1.0" encoding="utf-8"?>
<Project ToolsVersion="4.0" xmlns="http://schemas.microsoft.com/developer/msbuild/2003">
  <ItemGroup>
    <Filter Include="Source Files">
      <UniqueIdentifier>{4FC737F1-C7A5-4376-A066-2A32D752A2FF}</UniqueIdentifier>
      <Extensions>cpp;c;cc;cxx;c++;cppm;ixx;def;odl;idl;hpj;bat;asm;asmx</Extensions>
    </Filter>
    <Filter Include="Header Files">
      <UniqueIdentifier>{93995380-89BD-4b04-88EB-625FBE52EBFB}</UniqueIdentifier>
      <Extensions>h;hh;hpp;hxx;h++;hm;inl;inc;ipp;xsd</Extensions>
    </Filter>
    <Filter Include="Resource Files">
      <UniqueIdentifier>{67DA6AB6-F800-4c08-8B7A-83BB121AAD01}</UniqueIdentifier>
      <Extensions>rc;ico;cur;bmp;dlg;rc2;rct;bin;rgs;gif;jpg;jpeg;jpe;resx;tiff;tif;png;wav;mfcribbon-ms</Extensions>
    </Filter>
    <Filter Include="Resource Files\material">
      <UniqueIdentifier>{6354896a-da72-4889-9865-7b2cacbbf744}</UniqueIdentifier>
    </Filter>
    <Filter Include="Resource Files\shaders">
      <UniqueIdentifier>{3d852718-2935-45a7-a2fd-fd26b87f4653}</UniqueIdentifier>
    </Filter>
    <Filter Include="Resource Files\scenes">
      <UniqueIdentifier>{7c618e18-368d-4076-9e9f-fb297b9f6c53}</UniqueIdentifier>
    </Filter>
  </ItemGroup>
  <ItemGroup>
    <ClCompile Include="Main.cpp">
      <Filter>Source Files</Filter>
    </ClCompile>
    <ClCompile Include="..\ThirdParty\glad\src\glad.c">
      <Filter>Source Files</Filter>
    </ClCompile>
  </ItemGroup>
  <ItemGroup>
    <None Include="..\Build\Resources\shaders\basic.frag">
      <Filter>Resource Files\shaders</Filter>
    </None>
    <None Include="..\Build\Resources\shaders\basic.vert">
      <Filter>Resource Files\shaders</Filter>
    </None>
    <None Include="..\Build\Resources\material\wood.mtl">
      <Filter>Resource Files\material</Filter>
    </None>
    <None Include="..\Build\Resources\material\spot.mtl">
      <Filter>Resource Files\material</Filter>
    </None>
    <None Include="..\Build\Resources\shaders\gouraud.shdr">
      <Filter>Resource Files\shaders</Filter>
    </None>
    <None Include="..\Build\Resources\shaders\gouraud.vert">
      <Filter>Resource Files\shaders</Filter>
    </None>
    <None Include="..\Build\Resources\shaders\gouraud.frag">
      <Filter>Resource Files\shaders</Filter>
    </None>
    <None Include="..\Build\Resources\shaders\flat.shdr">
      <Filter>Resource Files\shaders</Filter>
    </None>
    <None Include="..\Build\Resources\shaders\flat.vert">
      <Filter>Resource Files\shaders</Filter>
    </None>
    <None Include="..\Build\Resources\shaders\flat.frag">
      <Filter>Resource Files\shaders</Filter>
    </None>
    <None Include="..\Build\Resources\shaders\phong.frag">
      <Filter>Resource Files\shaders</Filter>
    </None>
    <None Include="..\Build\Resources\shaders\phong.shdr">
      <Filter>Resource Files\shaders</Filter>
    </None>
    <None Include="..\Build\Resources\shaders\phong.vert">
      <Filter>Resource Files\shaders</Filter>
    </None>
    <None Include="..\Build\Resources\scenes\main.scn">
      <Filter>Resource Files\scenes</Filter>
    </None>
    <None Include="..\Build\Resources\shaders\phong_normal.shdr">
      <Filter>Resource Files\shaders</Filter>
    </None>
    <None Include="..\Build\Resources\shaders\phong_normal.vert">
      <Filter>Resource Files\shaders</Filter>
    </None>
    <None Include="..\Build\Resources\shaders\phong_normal.frag">
      <Filter>Resource Files\shaders</Filter>
    </None>
    <None Include="..\Build\Resources\material\bricks.mtl">
      <Filter>Resource Files\material</Filter>
    </None>
    <None Include="..\Build\Resources\material\ogre.mtl">
      <Filter>Resource Files\material</Filter>
    </None>
  </ItemGroup>
</Project>