
Microsoft Visual Studio Solution File, Format Version 12.00
# Visual Studio Version 16
VisualStudioVersion = 16.0.31727.386
MinimumVisualStudioVersion = 10.0.40219.1
Project("{8BC9CEB8-8B4A-11D0-8D11-00A0C91BC942}") = "Application", "Application\Application.vcxproj", "{95559346-C01E-47DB-8EA8-12E520BD1A6B}"
EndProject
Project("{8BC9CEB8-8B4A-11D0-8D11-00A0C91BC942}") = "Engine", "Engine\Engine.vcxproj", "{D0D00624-D1CD-47AF-9DB2-534DA5D2BF4A}"
EndProject
Global
	GlobalSection(SolutionConfigurationPlatforms) = preSolution
		Debug|x64 = Debug|x64
		Debug|x86 = Debug|x86
		Release|x64 = Release|x64
		Release|x86 = Release|x86
	EndGlobalSection
	GlobalSection(ProjectConfigurationPlatforms) = postSolution
		{95559346-C01E-47DB-8EA8-12E520BD1A6B}.Debug|x64.ActiveCfg = Debug|x64
		{95559346-C01E-47DB-8EA8-12E520BD1A6B}.Debug|x64.Build.0 = Debug|x64
		{95559346-C01E-47DB-8EA8-12E520BD1A6B}.Debug|x86.ActiveCfg = Debug|Win32
		{95559346-C01E-47DB-8EA8-12E520BD1A6B}.Debug|x86.Build.0 = Debug|Win32
		{95559346-C01E-47DB-8EA8-12E520BD1A6B}.Release|x64.ActiveCfg = Release|x64
		{95559346-C01E-47DB-8EA8-12E520BD1A6B}.Release|x64.Build.0 = Release|x64
		{95559346-C01E-47DB-8EA8-12E520BD1A6B}.Release|x86.ActiveCfg = Release|Win32
		{95559346-C01E-47DB-8EA8-12E520BD1A6B}.Release|x86.Build.0 = Release|Win32
		{D0D00624-D1CD-47AF-9DB2-534DA5D2BF4A}.Debug|x64.ActiveCfg = Debug|x64
		{D0D00624-D1CD-47AF-9DB2-534DA5D2BF4A}.Debug|x64.Build.0 = Debug|x64
		{D0D00624-D1CD-47AF-9DB2-534DA5D2BF4A}.Debug|x86.ActiveCfg = Debug|Win32
		{D0D00624-D1CD-47AF-9DB2-534DA5D2BF4A}.Debug|x86.Build.0 = Debug|Win32
		{D0D00624-D1CD-47AF-9DB2-534DA5D2BF4A}.Release|x64.ActiveCfg = Release|x64
		{D0D00624-D1CD-47AF-9DB2-534DA5D2BF4A}.Release|x64.Build.0 = Release|x64
		{D0D00624-D1CD-47AF-9DB2-534DA5D2BF4A}.Release|x86.ActiveCfg = Release|Win32
		{D0D00624-D1CD-47AF-9DB2-534DA5D2BF4A}.Release|x86.Build.0 = Release|Win32
	EndGlobalSection
	GlobalSection(SolutionProperties) = preSolution
		HideSolutionNode = FALSE
	EndGlobalSection
	GlobalSection(ExtensibilityGlobals) = postSolution
		SolutionGuid = {6B9C038A-197E-4F72-9402-868FC136FD2C}
	EndGlobalSection
EndGlobal
